// !$*UTF8*$!
{
	archiveVersion = 1;
	classes = {
	};
	objectVersion = 50;
	objects = {

/* Begin PBXBuildFile section */
		E9D2A8AC2501AA8300220BE1 /* AppDelegate.swift in Sources */ = {isa = PBXBuildFile; fileRef = E9D2A8AB2501AA8300220BE1 /* AppDelegate.swift */; };
		E9D2A8AE2501AA8300220BE1 /* SceneDelegate.swift in Sources */ = {isa = PBXBuildFile; fileRef = E9D2A8AD2501AA8300220BE1 /* SceneDelegate.swift */; };
		E9D2A8B02501AA8300220BE1 /* ViewController.swift in Sources */ = {isa = PBXBuildFile; fileRef = E9D2A8AF2501AA8300220BE1 /* ViewController.swift */; };
		E9D2A8B32501AA8300220BE1 /* Main.storyboard in Resources */ = {isa = PBXBuildFile; fileRef = E9D2A8B12501AA8300220BE1 /* Main.storyboard */; };
		E9D2A8B62501AA8300220BE1 /* Udder.xcdatamodeld in Sources */ = {isa = PBXBuildFile; fileRef = E9D2A8B42501AA8300220BE1 /* Udder.xcdatamodeld */; };
		E9D2A8B82501AA8500220BE1 /* Assets.xcassets in Resources */ = {isa = PBXBuildFile; fileRef = E9D2A8B72501AA8500220BE1 /* Assets.xcassets */; };
		E9D2A8BB2501AA8500220BE1 /* LaunchScreen.storyboard in Resources */ = {isa = PBXBuildFile; fileRef = E9D2A8B92501AA8500220BE1 /* LaunchScreen.storyboard */; };
		E9D2A8C62501AA8500220BE1 /* UdderTests.swift in Sources */ = {isa = PBXBuildFile; fileRef = E9D2A8C52501AA8500220BE1 /* UdderTests.swift */; };
		E9D2A8D12501AA8500220BE1 /* UdderUITests.swift in Sources */ = {isa = PBXBuildFile; fileRef = E9D2A8D02501AA8500220BE1 /* UdderUITests.swift */; };
/* End PBXBuildFile section */

/* Begin PBXContainerItemProxy section */
		E9D2A8C22501AA8500220BE1 /* PBXContainerItemProxy */ = {
			isa = PBXContainerItemProxy;
			containerPortal = E9D2A8A02501AA8300220BE1 /* Project object */;
			proxyType = 1;
			remoteGlobalIDString = E9D2A8A72501AA8300220BE1;
			remoteInfo = Udder;
		};
		E9D2A8CD2501AA8500220BE1 /* PBXContainerItemProxy */ = {
			isa = PBXContainerItemProxy;
			containerPortal = E9D2A8A02501AA8300220BE1 /* Project object */;
			proxyType = 1;
			remoteGlobalIDString = E9D2A8A72501AA8300220BE1;
			remoteInfo = Udder;
		};
/* End PBXContainerItemProxy section */

/* Begin PBXFileReference section */
		E9D2A8A82501AA8300220BE1 /* Udder.app */ = {isa = PBXFileReference; explicitFileType = wrapper.application; includeInIndex = 0; path = Udder.app; sourceTree = BUILT_PRODUCTS_DIR; };
		E9D2A8AB2501AA8300220BE1 /* AppDelegate.swift */ = {isa = PBXFileReference; lastKnownFileType = sourcecode.swift; path = AppDelegate.swift; sourceTree = "<group>"; };
		E9D2A8AD2501AA8300220BE1 /* SceneDelegate.swift */ = {isa = PBXFileReference; lastKnownFileType = sourcecode.swift; path = SceneDelegate.swift; sourceTree = "<group>"; };
		E9D2A8AF2501AA8300220BE1 /* ViewController.swift */ = {isa = PBXFileReference; lastKnownFileType = sourcecode.swift; path = ViewController.swift; sourceTree = "<group>"; };
		E9D2A8B22501AA8300220BE1 /* Base */ = {isa = PBXFileReference; lastKnownFileType = file.storyboard; name = Base; path = Base.lproj/Main.storyboard; sourceTree = "<group>"; };
		E9D2A8B52501AA8300220BE1 /* Udder.xcdatamodel */ = {isa = PBXFileReference; lastKnownFileType = wrapper.xcdatamodel; path = Udder.xcdatamodel; sourceTree = "<group>"; };
		E9D2A8B72501AA8500220BE1 /* Assets.xcassets */ = {isa = PBXFileReference; lastKnownFileType = folder.assetcatalog; path = Assets.xcassets; sourceTree = "<group>"; };
		E9D2A8BA2501AA8500220BE1 /* Base */ = {isa = PBXFileReference; lastKnownFileType = file.storyboard; name = Base; path = Base.lproj/LaunchScreen.storyboard; sourceTree = "<group>"; };
		E9D2A8BC2501AA8500220BE1 /* Info.plist */ = {isa = PBXFileReference; lastKnownFileType = text.plist.xml; path = Info.plist; sourceTree = "<group>"; };
		E9D2A8C12501AA8500220BE1 /* UdderTests.xctest */ = {isa = PBXFileReference; explicitFileType = wrapper.cfbundle; includeInIndex = 0; path = UdderTests.xctest; sourceTree = BUILT_PRODUCTS_DIR; };
		E9D2A8C52501AA8500220BE1 /* UdderTests.swift */ = {isa = PBXFileReference; lastKnownFileType = sourcecode.swift; path = UdderTests.swift; sourceTree = "<group>"; };
		E9D2A8C72501AA8500220BE1 /* Info.plist */ = {isa = PBXFileReference; lastKnownFileType = text.plist.xml; path = Info.plist; sourceTree = "<group>"; };
		E9D2A8CC2501AA8500220BE1 /* UdderUITests.xctest */ = {isa = PBXFileReference; explicitFileType = wrapper.cfbundle; includeInIndex = 0; path = UdderUITests.xctest; sourceTree = BUILT_PRODUCTS_DIR; };
		E9D2A8D02501AA8500220BE1 /* UdderUITests.swift */ = {isa = PBXFileReference; lastKnownFileType = sourcecode.swift; path = UdderUITests.swift; sourceTree = "<group>"; };
		E9D2A8D22501AA8500220BE1 /* Info.plist */ = {isa = PBXFileReference; lastKnownFileType = text.plist.xml; path = Info.plist; sourceTree = "<group>"; };
/* End PBXFileReference section */

/* Begin PBXFrameworksBuildPhase section */
		E9D2A8A52501AA8300220BE1 /* Frameworks */ = {
			isa = PBXFrameworksBuildPhase;
			buildActionMask = 2147483647;
			files = (
			);
			runOnlyForDeploymentPostprocessing = 0;
		};
		E9D2A8BE2501AA8500220BE1 /* Frameworks */ = {
			isa = PBXFrameworksBuildPhase;
			buildActionMask = 2147483647;
			files = (
			);
			runOnlyForDeploymentPostprocessing = 0;
		};
		E9D2A8C92501AA8500220BE1 /* Frameworks */ = {
			isa = PBXFrameworksBuildPhase;
			buildActionMask = 2147483647;
			files = (
			);
			runOnlyForDeploymentPostprocessing = 0;
		};
/* End PBXFrameworksBuildPhase section */

/* Begin PBXGroup section */
		E9D2A89F2501AA8300220BE1 = {
			isa = PBXGroup;
			children = (
				E9D2A8AA2501AA8300220BE1 /* Udder */,
				E9D2A8C42501AA8500220BE1 /* UdderTests */,
				E9D2A8CF2501AA8500220BE1 /* UdderUITests */,
				E9D2A8A92501AA8300220BE1 /* Products */,
			);
			sourceTree = "<group>";
		};
		E9D2A8A92501AA8300220BE1 /* Products */ = {
			isa = PBXGroup;
			children = (
				E9D2A8A82501AA8300220BE1 /* Udder.app */,
				E9D2A8C12501AA8500220BE1 /* UdderTests.xctest */,
				E9D2A8CC2501AA8500220BE1 /* UdderUITests.xctest */,
			);
			name = Products;
			sourceTree = "<group>";
		};
		E9D2A8AA2501AA8300220BE1 /* Udder */ = {
			isa = PBXGroup;
			children = (
				E9D2A8AB2501AA8300220BE1 /* AppDelegate.swift */,
				E9D2A8AD2501AA8300220BE1 /* SceneDelegate.swift */,
				E9D2A8AF2501AA8300220BE1 /* ViewController.swift */,
				E9D2A8B12501AA8300220BE1 /* Main.storyboard */,
				E9D2A8B72501AA8500220BE1 /* Assets.xcassets */,
				E9D2A8B92501AA8500220BE1 /* LaunchScreen.storyboard */,
				E9D2A8BC2501AA8500220BE1 /* Info.plist */,
				E9D2A8B42501AA8300220BE1 /* Udder.xcdatamodeld */,
			);
			path = Udder;
			sourceTree = "<group>";
		};
		E9D2A8C42501AA8500220BE1 /* UdderTests */ = {
			isa = PBXGroup;
			children = (
				E9D2A8C52501AA8500220BE1 /* UdderTests.swift */,
				E9D2A8C72501AA8500220BE1 /* Info.plist */,
			);
			path = UdderTests;
			sourceTree = "<group>";
		};
		E9D2A8CF2501AA8500220BE1 /* UdderUITests */ = {
			isa = PBXGroup;
			children = (
				E9D2A8D02501AA8500220BE1 /* UdderUITests.swift */,
				E9D2A8D22501AA8500220BE1 /* Info.plist */,
			);
			path = UdderUITests;
			sourceTree = "<group>";
		};
/* End PBXGroup section */

/* Begin PBXNativeTarget section */
		E9D2A8A72501AA8300220BE1 /* Udder */ = {
			isa = PBXNativeTarget;
			buildConfigurationList = E9D2A8D52501AA8500220BE1 /* Build configuration list for PBXNativeTarget "Udder" */;
			buildPhases = (
				E9D2A8A42501AA8300220BE1 /* Sources */,
				E9D2A8A52501AA8300220BE1 /* Frameworks */,
				E9D2A8A62501AA8300220BE1 /* Resources */,
			);
			buildRules = (
			);
			dependencies = (
			);
			name = Udder;
			productName = Udder;
			productReference = E9D2A8A82501AA8300220BE1 /* Udder.app */;
			productType = "com.apple.product-type.application";
		};
		E9D2A8C02501AA8500220BE1 /* UdderTests */ = {
			isa = PBXNativeTarget;
			buildConfigurationList = E9D2A8D82501AA8500220BE1 /* Build configuration list for PBXNativeTarget "UdderTests" */;
			buildPhases = (
				E9D2A8BD2501AA8500220BE1 /* Sources */,
				E9D2A8BE2501AA8500220BE1 /* Frameworks */,
				E9D2A8BF2501AA8500220BE1 /* Resources */,
			);
			buildRules = (
			);
			dependencies = (
				E9D2A8C32501AA8500220BE1 /* PBXTargetDependency */,
			);
			name = UdderTests;
			productName = UdderTests;
			productReference = E9D2A8C12501AA8500220BE1 /* UdderTests.xctest */;
			productType = "com.apple.product-type.bundle.unit-test";
		};
		E9D2A8CB2501AA8500220BE1 /* UdderUITests */ = {
			isa = PBXNativeTarget;
			buildConfigurationList = E9D2A8DB2501AA8500220BE1 /* Build configuration list for PBXNativeTarget "UdderUITests" */;
			buildPhases = (
				E9D2A8C82501AA8500220BE1 /* Sources */,
				E9D2A8C92501AA8500220BE1 /* Frameworks */,
				E9D2A8CA2501AA8500220BE1 /* Resources */,
			);
			buildRules = (
			);
			dependencies = (
				E9D2A8CE2501AA8500220BE1 /* PBXTargetDependency */,
			);
			name = UdderUITests;
			productName = UdderUITests;
			productReference = E9D2A8CC2501AA8500220BE1 /* UdderUITests.xctest */;
			productType = "com.apple.product-type.bundle.ui-testing";
		};
/* End PBXNativeTarget section */

/* Begin PBXProject section */
		E9D2A8A02501AA8300220BE1 /* Project object */ = {
			isa = PBXProject;
			attributes = {
				LastSwiftUpdateCheck = 1160;
				LastUpgradeCheck = 1160;
				ORGANIZATIONNAME = Thomas;
				TargetAttributes = {
					E9D2A8A72501AA8300220BE1 = {
						CreatedOnToolsVersion = 11.6;
					};
					E9D2A8C02501AA8500220BE1 = {
						CreatedOnToolsVersion = 11.6;
						TestTargetID = E9D2A8A72501AA8300220BE1;
					};
					E9D2A8CB2501AA8500220BE1 = {
						CreatedOnToolsVersion = 11.6;
						TestTargetID = E9D2A8A72501AA8300220BE1;
					};
				};
			};
			buildConfigurationList = E9D2A8A32501AA8300220BE1 /* Build configuration list for PBXProject "Udder" */;
			compatibilityVersion = "Xcode 9.3";
			developmentRegion = en;
			hasScannedForEncodings = 0;
			knownRegions = (
				en,
				Base,
			);
			mainGroup = E9D2A89F2501AA8300220BE1;
			productRefGroup = E9D2A8A92501AA8300220BE1 /* Products */;
			projectDirPath = "";
			projectRoot = "";
			targets = (
				E9D2A8A72501AA8300220BE1 /* Udder */,
				E9D2A8C02501AA8500220BE1 /* UdderTests */,
				E9D2A8CB2501AA8500220BE1 /* UdderUITests */,
			);
		};
/* End PBXProject section */

/* Begin PBXResourcesBuildPhase section */
		E9D2A8A62501AA8300220BE1 /* Resources */ = {
			isa = PBXResourcesBuildPhase;
			buildActionMask = 2147483647;
			files = (
				E9D2A8BB2501AA8500220BE1 /* LaunchScreen.storyboard in Resources */,
				E9D2A8B82501AA8500220BE1 /* Assets.xcassets in Resources */,
				E9D2A8B32501AA8300220BE1 /* Main.storyboard in Resources */,
			);
			runOnlyForDeploymentPostprocessing = 0;
		};
		E9D2A8BF2501AA8500220BE1 /* Resources */ = {
			isa = PBXResourcesBuildPhase;
			buildActionMask = 2147483647;
			files = (
			);
			runOnlyForDeploymentPostprocessing = 0;
		};
		E9D2A8CA2501AA8500220BE1 /* Resources */ = {
			isa = PBXResourcesBuildPhase;
			buildActionMask = 2147483647;
			files = (
			);
			runOnlyForDeploymentPostprocessing = 0;
		};
/* End PBXResourcesBuildPhase section */

/* Begin PBXSourcesBuildPhase section */
		E9D2A8A42501AA8300220BE1 /* Sources */ = {
			isa = PBXSourcesBuildPhase;
			buildActionMask = 2147483647;
			files = (
				E9D2A8B02501AA8300220BE1 /* ViewController.swift in Sources */,
				E9D2A8AC2501AA8300220BE1 /* AppDelegate.swift in Sources */,
				E9D2A8B62501AA8300220BE1 /* Udder.xcdatamodeld in Sources */,
				E9D2A8AE2501AA8300220BE1 /* SceneDelegate.swift in Sources */,
			);
			runOnlyForDeploymentPostprocessing = 0;
		};
		E9D2A8BD2501AA8500220BE1 /* Sources */ = {
			isa = PBXSourcesBuildPhase;
			buildActionMask = 2147483647;
			files = (
				E9D2A8C62501AA8500220BE1 /* UdderTests.swift in Sources */,
			);
			runOnlyForDeploymentPostprocessing = 0;
		};
		E9D2A8C82501AA8500220BE1 /* Sources */ = {
			isa = PBXSourcesBuildPhase;
			buildActionMask = 2147483647;
			files = (
				E9D2A8D12501AA8500220BE1 /* UdderUITests.swift in Sources */,
			);
			runOnlyForDeploymentPostprocessing = 0;
		};
/* End PBXSourcesBuildPhase section */

/* Begin PBXTargetDependency section */
		E9D2A8C32501AA8500220BE1 /* PBXTargetDependency */ = {
			isa = PBXTargetDependency;
			target = E9D2A8A72501AA8300220BE1 /* Udder */;
			targetProxy = E9D2A8C22501AA8500220BE1 /* PBXContainerItemProxy */;
		};
		E9D2A8CE2501AA8500220BE1 /* PBXTargetDependency */ = {
			isa = PBXTargetDependency;
			target = E9D2A8A72501AA8300220BE1 /* Udder */;
			targetProxy = E9D2A8CD2501AA8500220BE1 /* PBXContainerItemProxy */;
		};
/* End PBXTargetDependency section */

/* Begin PBXVariantGroup section */
		E9D2A8B12501AA8300220BE1 /* Main.storyboard */ = {
			isa = PBXVariantGroup;
			children = (
				E9D2A8B22501AA8300220BE1 /* Base */,
			);
			name = Main.storyboard;
			sourceTree = "<group>";
		};
		E9D2A8B92501AA8500220BE1 /* LaunchScreen.storyboard */ = {
			isa = PBXVariantGroup;
			children = (
				E9D2A8BA2501AA8500220BE1 /* Base */,
			);
			name = LaunchScreen.storyboard;
			sourceTree = "<group>";
		};
/* End PBXVariantGroup section */

/* Begin XCBuildConfiguration section */
		E9D2A8D32501AA8500220BE1 /* Debug */ = {
			isa = XCBuildConfiguration;
			buildSettings = {
				ALWAYS_SEARCH_USER_PATHS = NO;
				CLANG_ANALYZER_NONNULL = YES;
				CLANG_ANALYZER_NUMBER_OBJECT_CONVERSION = YES_AGGRESSIVE;
				CLANG_CXX_LANGUAGE_STANDARD = "gnu++14";
				CLANG_CXX_LIBRARY = "libc++";
				CLANG_ENABLE_MODULES = YES;
				CLANG_ENABLE_OBJC_ARC = YES;
				CLANG_ENABLE_OBJC_WEAK = YES;
				CLANG_WARN_BLOCK_CAPTURE_AUTORELEASING = YES;
				CLANG_WARN_BOOL_CONVERSION = YES;
				CLANG_WARN_COMMA = YES;
				CLANG_WARN_CONSTANT_CONVERSION = YES;
				CLANG_WARN_DEPRECATED_OBJC_IMPLEMENTATIONS = YES;
				CLANG_WARN_DIRECT_OBJC_ISA_USAGE = YES_ERROR;
				CLANG_WARN_DOCUMENTATION_COMMENTS = YES;
				CLANG_WARN_EMPTY_BODY = YES;
				CLANG_WARN_ENUM_CONVERSION = YES;
				CLANG_WARN_INFINITE_RECURSION = YES;
				CLANG_WARN_INT_CONVERSION = YES;
				CLANG_WARN_NON_LITERAL_NULL_CONVERSION = YES;
				CLANG_WARN_OBJC_IMPLICIT_RETAIN_SELF = YES;
				CLANG_WARN_OBJC_LITERAL_CONVERSION = YES;
				CLANG_WARN_OBJC_ROOT_CLASS = YES_ERROR;
				CLANG_WARN_RANGE_LOOP_ANALYSIS = YES;
				CLANG_WARN_STRICT_PROTOTYPES = YES;
				CLANG_WARN_SUSPICIOUS_MOVE = YES;
				CLANG_WARN_UNGUARDED_AVAILABILITY = YES_AGGRESSIVE;
				CLANG_WARN_UNREACHABLE_CODE = YES;
				CLANG_WARN__DUPLICATE_METHOD_MATCH = YES;
				COPY_PHASE_STRIP = NO;
				DEBUG_INFORMATION_FORMAT = dwarf;
				ENABLE_STRICT_OBJC_MSGSEND = YES;
				ENABLE_TESTABILITY = YES;
				GCC_C_LANGUAGE_STANDARD = gnu11;
				GCC_DYNAMIC_NO_PIC = NO;
				GCC_NO_COMMON_BLOCKS = YES;
				GCC_OPTIMIZATION_LEVEL = 0;
				GCC_PREPROCESSOR_DEFINITIONS = (
					"DEBUG=1",
					"$(inherited)",
				);
				GCC_WARN_64_TO_32_BIT_CONVERSION = YES;
				GCC_WARN_ABOUT_RETURN_TYPE = YES_ERROR;
				GCC_WARN_UNDECLARED_SELECTOR = YES;
				GCC_WARN_UNINITIALIZED_AUTOS = YES_AGGRESSIVE;
				GCC_WARN_UNUSED_FUNCTION = YES;
				GCC_WARN_UNUSED_VARIABLE = YES;
				IPHONEOS_DEPLOYMENT_TARGET = 13.6;
				MTL_ENABLE_DEBUG_INFO = INCLUDE_SOURCE;
				MTL_FAST_MATH = YES;
				ONLY_ACTIVE_ARCH = YES;
				SDKROOT = iphoneos;
				SWIFT_ACTIVE_COMPILATION_CONDITIONS = DEBUG;
				SWIFT_OPTIMIZATION_LEVEL = "-Onone";
			};
			name = Debug;
		};
		E9D2A8D42501AA8500220BE1 /* Release */ = {
			isa = XCBuildConfiguration;
			buildSettings = {
				ALWAYS_SEARCH_USER_PATHS = NO;
				CLANG_ANALYZER_NONNULL = YES;
				CLANG_ANALYZER_NUMBER_OBJECT_CONVERSION = YES_AGGRESSIVE;
				CLANG_CXX_LANGUAGE_STANDARD = "gnu++14";
				CLANG_CXX_LIBRARY = "libc++";
				CLANG_ENABLE_MODULES = YES;
				CLANG_ENABLE_OBJC_ARC = YES;
				CLANG_ENABLE_OBJC_WEAK = YES;
				CLANG_WARN_BLOCK_CAPTURE_AUTORELEASING = YES;
				CLANG_WARN_BOOL_CONVERSION = YES;
				CLANG_WARN_COMMA = YES;
				CLANG_WARN_CONSTANT_CONVERSION = YES;
				CLANG_WARN_DEPRECATED_OBJC_IMPLEMENTATIONS = YES;
				CLANG_WARN_DIRECT_OBJC_ISA_USAGE = YES_ERROR;
				CLANG_WARN_DOCUMENTATION_COMMENTS = YES;
				CLANG_WARN_EMPTY_BODY = YES;
				CLANG_WARN_ENUM_CONVERSION = YES;
				CLANG_WARN_INFINITE_RECURSION = YES;
				CLANG_WARN_INT_CONVERSION = YES;
				CLANG_WARN_NON_LITERAL_NULL_CONVERSION = YES;
				CLANG_WARN_OBJC_IMPLICIT_RETAIN_SELF = YES;
				CLANG_WARN_OBJC_LITERAL_CONVERSION = YES;
				CLANG_WARN_OBJC_ROOT_CLASS = YES_ERROR;
				CLANG_WARN_RANGE_LOOP_ANALYSIS = YES;
				CLANG_WARN_STRICT_PROTOTYPES = YES;
				CLANG_WARN_SUSPICIOUS_MOVE = YES;
				CLANG_WARN_UNGUARDED_AVAILABILITY = YES_AGGRESSIVE;
				CLANG_WARN_UNREACHABLE_CODE = YES;
				CLANG_WARN__DUPLICATE_METHOD_MATCH = YES;
				COPY_PHASE_STRIP = NO;
				DEBUG_INFORMATION_FORMAT = "dwarf-with-dsym";
				ENABLE_NS_ASSERTIONS = NO;
				ENABLE_STRICT_OBJC_MSGSEND = YES;
				GCC_C_LANGUAGE_STANDARD = gnu11;
				GCC_NO_COMMON_BLOCKS = YES;
				GCC_WARN_64_TO_32_BIT_CONVERSION = YES;
				GCC_WARN_ABOUT_RETURN_TYPE = YES_ERROR;
				GCC_WARN_UNDECLARED_SELECTOR = YES;
				GCC_WARN_UNINITIALIZED_AUTOS = YES_AGGRESSIVE;
				GCC_WARN_UNUSED_FUNCTION = YES;
				GCC_WARN_UNUSED_VARIABLE = YES;
				IPHONEOS_DEPLOYMENT_TARGET = 13.6;
				MTL_ENABLE_DEBUG_INFO = NO;
				MTL_FAST_MATH = YES;
				SDKROOT = iphoneos;
				SWIFT_COMPILATION_MODE = wholemodule;
				SWIFT_OPTIMIZATION_LEVEL = "-O";
				VALIDATE_PRODUCT = YES;
			};
			name = Release;
		};
		E9D2A8D62501AA8500220BE1 /* Debug */ = {
			isa = XCBuildConfiguration;
			buildSettings = {
				ASSETCATALOG_COMPILER_APPICON_NAME = AppIcon;
				CODE_SIGN_STYLE = Automatic;
				DEVELOPMENT_TEAM = ZNF95XV37H;
				INFOPLIST_FILE = Udder/Info.plist;
				LD_RUNPATH_SEARCH_PATHS = (
					"$(inherited)",
					"@executable_path/Frameworks",
				);
				PRODUCT_BUNDLE_IDENTIFIER = com.thomas1245.Udder;
				PRODUCT_NAME = "$(TARGET_NAME)";
				SWIFT_VERSION = 5.0;
				TARGETED_DEVICE_FAMILY = "1,2";
			};
			name = Debug;
		};
		E9D2A8D72501AA8500220BE1 /* Release */ = {
			isa = XCBuildConfiguration;
			buildSettings = {
				ASSETCATALOG_COMPILER_APPICON_NAME = AppIcon;
				CODE_SIGN_STYLE = Automatic;
				DEVELOPMENT_TEAM = ZNF95XV37H;
				INFOPLIST_FILE = Udder/Info.plist;
				LD_RUNPATH_SEARCH_PATHS = (
					"$(inherited)",
					"@executable_path/Frameworks",
				);
				PRODUCT_BUNDLE_IDENTIFIER = com.thomas1245.Udder;
				PRODUCT_NAME = "$(TARGET_NAME)";
				SWIFT_VERSION = 5.0;
				TARGETED_DEVICE_FAMILY = "1,2";
			};
			name = Release;
		};
		E9D2A8D92501AA8500220BE1 /* Debug */ = {
			isa = XCBuildConfiguration;
			buildSettings = {
				ALWAYS_EMBED_SWIFT_STANDARD_LIBRARIES = YES;
				BUNDLE_LOADER = "$(TEST_HOST)";
				CODE_SIGN_STYLE = Automatic;
				DEVELOPMENT_TEAM = ZNF95XV37H;
				INFOPLIST_FILE = UdderTests/Info.plist;
				IPHONEOS_DEPLOYMENT_TARGET = 13.6;
				LD_RUNPATH_SEARCH_PATHS = (
					"$(inherited)",
					"@executable_path/Frameworks",
					"@loader_path/Frameworks",
				);
				PRODUCT_BUNDLE_IDENTIFIER = com.thomas1245.UdderTests;
				PRODUCT_NAME = "$(TARGET_NAME)";
				SWIFT_VERSION = 5.0;
				TARGETED_DEVICE_FAMILY = "1,2";
				TEST_HOST = "$(BUILT_PRODUCTS_DIR)/Udder.app/Udder";
			};
			name = Debug;
		};
		E9D2A8DA2501AA8500220BE1 /* Release */ = {
			isa = XCBuildConfiguration;
			buildSettings = {
				ALWAYS_EMBED_SWIFT_STANDARD_LIBRARIES = YES;
				BUNDLE_LOADER = "$(TEST_HOST)";
				CODE_SIGN_STYLE = Automatic;
				DEVELOPMENT_TEAM = ZNF95XV37H;
				INFOPLIST_FILE = UdderTests/Info.plist;
				IPHONEOS_DEPLOYMENT_TARGET = 13.6;
				LD_RUNPATH_SEARCH_PATHS = (
					"$(inherited)",
					"@executable_path/Frameworks",
					"@loader_path/Frameworks",
				);
				PRODUCT_BUNDLE_IDENTIFIER = com.thomas1245.UdderTests;
				PRODUCT_NAME = "$(TARGET_NAME)";
				SWIFT_VERSION = 5.0;
				TARGETED_DEVICE_FAMILY = "1,2";
				TEST_HOST = "$(BUILT_PRODUCTS_DIR)/Udder.app/Udder";
			};
			name = Release;
		};
		E9D2A8DC2501AA8500220BE1 /* Debug */ = {
			isa = XCBuildConfiguration;
			buildSettings = {
				ALWAYS_EMBED_SWIFT_STANDARD_LIBRARIES = YES;
				CODE_SIGN_STYLE = Automatic;
				DEVELOPMENT_TEAM = ZNF95XV37H;
				INFOPLIST_FILE = UdderUITests/Info.plist;
				LD_RUNPATH_SEARCH_PATHS = (
					"$(inherited)",
					"@executable_path/Frameworks",
					"@loader_path/Frameworks",
				);
				PRODUCT_BUNDLE_IDENTIFIER = com.thomas1245.UdderUITests;
				PRODUCT_NAME = "$(TARGET_NAME)";
				SWIFT_VERSION = 5.0;
				TARGETED_DEVICE_FAMILY = "1,2";
				TEST_TARGET_NAME = Udder;
			};
			name = Debug;
		};
		E9D2A8DD2501AA8500220BE1 /* Release */ = {
			isa = XCBuildConfiguration;
			buildSettings = {
				ALWAYS_EMBED_SWIFT_STANDARD_LIBRARIES = YES;
				CODE_SIGN_STYLE = Automatic;
				DEVELOPMENT_TEAM = ZNF95XV37H;
				INFOPLIST_FILE = UdderUITests/Info.plist;
				LD_RUNPATH_SEARCH_PATHS = (
					"$(inherited)",
					"@executable_path/Frameworks",
					"@loader_path/Frameworks",
				);
				PRODUCT_BUNDLE_IDENTIFIER = com.thomas1245.UdderUITests;
				PRODUCT_NAME = "$(TARGET_NAME)";
				SWIFT_VERSION = 5.0;
				TARGETED_DEVICE_FAMILY = "1,2";
				TEST_TARGET_NAME = Udder;
			};
			name = Release;
		};
/* End XCBuildConfiguration section */

/* Begin XCConfigurationList section */
		E9D2A8A32501AA8300220BE1 /* Build configuration list for PBXProject "Udder" */ = {
			isa = XCConfigurationList;
			buildConfigurations = (
				E9D2A8D32501AA8500220BE1 /* Debug */,
				E9D2A8D42501AA8500220BE1 /* Release */,
			);
			defaultConfigurationIsVisible = 0;
			defaultConfigurationName = Release;
		};
		E9D2A8D52501AA8500220BE1 /* Build configuration list for PBXNativeTarget "Udder" */ = {
			isa = XCConfigurationList;
			buildConfigurations = (
				E9D2A8D62501AA8500220BE1 /* Debug */,
				E9D2A8D72501AA8500220BE1 /* Release */,
			);
			defaultConfigurationIsVisible = 0;
			defaultConfigurationName = Release;
		};
		E9D2A8D82501AA8500220BE1 /* Build configuration list for PBXNativeTarget "UdderTests" */ = {
			isa = XCConfigurationList;
			buildConfigurations = (
				E9D2A8D92501AA8500220BE1 /* Debug */,
				E9D2A8DA2501AA8500220BE1 /* Release */,
			);
			defaultConfigurationIsVisible = 0;
			defaultConfigurationName = Release;
		};
		E9D2A8DB2501AA8500220BE1 /* Build configuration list for PBXNativeTarget "UdderUITests" */ = {
			isa = XCConfigurationList;
			buildConfigurations = (
				E9D2A8DC2501AA8500220BE1 /* Debug */,
				E9D2A8DD2501AA8500220BE1 /* Release */,
			);
			defaultConfigurationIsVisible = 0;
			defaultConfigurationName = Release;
		};
/* End XCConfigurationList section */

/* Begin XCVersionGroup section */
		E9D2A8B42501AA8300220BE1 /* Udder.xcdatamodeld */ = {
			isa = XCVersionGroup;
			children = (
				E9D2A8B52501AA8300220BE1 /* Udder.xcdatamodel */,
			);
			currentVersion = E9D2A8B52501AA8300220BE1 /* Udder.xcdatamodel */;
			path = Udder.xcdatamodeld;
			sourceTree = "<group>";
			versionGroupType = wrapper.xcdatamodel;
		};
/* End XCVersionGroup section */
	};
	rootObject = E9D2A8A02501AA8300220BE1 /* Project object */;
}
